
Microsoft Visual Studio Solution File, Format Version 12.00
# Visual Studio 14
VisualStudioVersion = 14.0.25123.0
MinimumVisualStudioVersion = 10.0.40219.1
Project("{FAE04EC0-301F-11D3-BF4B-00C04F79EFBC}") = "NVS.Web.Core", "NerdsVirtualSpace\NVS.Web.Core.csproj", "{EE5544E9-73E6-40C4-916D-013BFF716304}"
EndProject
Project("{FAE04EC0-301F-11D3-BF4B-00C04F79EFBC}") = "NVS.Web.Core.Tests", "NerdsVirtualSpace.Tests\NVS.Web.Core.Tests.csproj", "{A867B84A-8138-404F-BB0D-C1FD51126944}"
EndProject
Project("{2150E333-8FDC-42A3-9474-1A3956D46DE8}") = "Module", "Module", "{C6C07213-BFCA-4B15-8366-353C250EF442}"
EndProject
Project("{2150E333-8FDC-42A3-9474-1A3956D46DE8}") = "Core", "Core", "{412A865B-E356-42FB-B1C8-B35D6EB7F773}"
EndProject
Project("{2150E333-8FDC-42A3-9474-1A3956D46DE8}") = "Tests", "Tests", "{052D371D-2A69-48B1-9FFF-9FF9E8A43D35}"
EndProject
Project("{2150E333-8FDC-42A3-9474-1A3956D46DE8}") = "Core", "Core", "{2FC5847C-C4EF-430F-BF56-1DFC7319E02B}"
EndProject
Project("{2150E333-8FDC-42A3-9474-1A3956D46DE8}") = "Common", "Common", "{039D5E17-842F-4213-916C-C36FE7EB81FF}"
EndProject
Project("{FAE04EC0-301F-11D3-BF4B-00C04F79EFBC}") = "NVS.Common.Infrastructure", "NVS.Common.Infrastructure\NVS.Common.Infrastructure.csproj", "{1C950383-D37B-49D1-92D1-2BD11B3802AA}"
EndProject
Project("{2150E333-8FDC-42A3-9474-1A3956D46DE8}") = "Common", "Common", "{0329B594-9356-4153-B356-B9C7ACA95CA8}"
EndProject
Project("{FAE04EC0-301F-11D3-BF4B-00C04F79EFBC}") = "NVS.Common.Infrastructure.Test", "NVS.Common.Infrastructure.Test\NVS.Common.Infrastructure.Test.csproj", "{9A6CC32A-251C-4F6A-BF24-C075BB7E32D1}"
EndProject
Project("{FAE04EC0-301F-11D3-BF4B-00C04F79EFBC}") = "NVS.Application.Core", "NVS.Application.Core\NVS.Application.Core.csproj", "{F00C0F31-2239-4438-9F6E-A36409212C2B}"
EndProject
Project("{FAE04EC0-301F-11D3-BF4B-00C04F79EFBC}") = "NVS.Application.Core.Tests", "NVS.Application.Core.Tests\NVS.Application.Core.Tests.csproj", "{72193951-8990-4262-9854-D720429F8867}"
EndProject
Global
	GlobalSection(SolutionConfigurationPlatforms) = preSolution
		Debug|Any CPU = Debug|Any CPU
		Release|Any CPU = Release|Any CPU
	EndGlobalSection
	GlobalSection(ProjectConfigurationPlatforms) = postSolution
		{EE5544E9-73E6-40C4-916D-013BFF716304}.Debug|Any CPU.ActiveCfg = Debug|Any CPU
		{EE5544E9-73E6-40C4-916D-013BFF716304}.Debug|Any CPU.Build.0 = Debug|Any CPU
		{EE5544E9-73E6-40C4-916D-013BFF716304}.Release|Any CPU.ActiveCfg = Release|Any CPU
		{EE5544E9-73E6-40C4-916D-013BFF716304}.Release|Any CPU.Build.0 = Release|Any CPU
		{A867B84A-8138-404F-BB0D-C1FD51126944}.Debug|Any CPU.ActiveCfg = Debug|Any CPU
		{A867B84A-8138-404F-BB0D-C1FD51126944}.Debug|Any CPU.Build.0 = Debug|Any CPU
		{A867B84A-8138-404F-BB0D-C1FD51126944}.Release|Any CPU.ActiveCfg = Release|Any CPU
		{A867B84A-8138-404F-BB0D-C1FD51126944}.Release|Any CPU.Build.0 = Release|Any CPU
		{1C950383-D37B-49D1-92D1-2BD11B3802AA}.Debug|Any CPU.ActiveCfg = Debug|Any CPU
		{1C950383-D37B-49D1-92D1-2BD11B3802AA}.Debug|Any CPU.Build.0 = Debug|Any CPU
		{1C950383-D37B-49D1-92D1-2BD11B3802AA}.Release|Any CPU.ActiveCfg = Release|Any CPU
		{1C950383-D37B-49D1-92D1-2BD11B3802AA}.Release|Any CPU.Build.0 = Release|Any CPU
		{9A6CC32A-251C-4F6A-BF24-C075BB7E32D1}.Debug|Any CPU.ActiveCfg = Debug|Any CPU
		{9A6CC32A-251C-4F6A-BF24-C075BB7E32D1}.Debug|Any CPU.Build.0 = Debug|Any CPU
		{9A6CC32A-251C-4F6A-BF24-C075BB7E32D1}.Release|Any CPU.ActiveCfg = Release|Any CPU
		{9A6CC32A-251C-4F6A-BF24-C075BB7E32D1}.Release|Any CPU.Build.0 = Release|Any CPU
		{F00C0F31-2239-4438-9F6E-A36409212C2B}.Debug|Any CPU.ActiveCfg = Debug|Any CPU
		{F00C0F31-2239-4438-9F6E-A36409212C2B}.Debug|Any CPU.Build.0 = Debug|Any CPU
		{F00C0F31-2239-4438-9F6E-A36409212C2B}.Release|Any CPU.ActiveCfg = Release|Any CPU
		{F00C0F31-2239-4438-9F6E-A36409212C2B}.Release|Any CPU.Build.0 = Release|Any CPU
		{72193951-8990-4262-9854-D720429F8867}.Debug|Any CPU.ActiveCfg = Debug|Any CPU
		{72193951-8990-4262-9854-D720429F8867}.Debug|Any CPU.Build.0 = Debug|Any CPU
		{72193951-8990-4262-9854-D720429F8867}.Release|Any CPU.ActiveCfg = Release|Any CPU
		{72193951-8990-4262-9854-D720429F8867}.Release|Any CPU.Build.0 = Release|Any CPU
	EndGlobalSection
	GlobalSection(SolutionProperties) = preSolution
		HideSolutionNode = FALSE
	EndGlobalSection
	GlobalSection(NestedProjects) = preSolution
		{EE5544E9-73E6-40C4-916D-013BFF716304} = {412A865B-E356-42FB-B1C8-B35D6EB7F773}
		{A867B84A-8138-404F-BB0D-C1FD51126944} = {2FC5847C-C4EF-430F-BF56-1DFC7319E02B}
		{412A865B-E356-42FB-B1C8-B35D6EB7F773} = {C6C07213-BFCA-4B15-8366-353C250EF442}
		{2FC5847C-C4EF-430F-BF56-1DFC7319E02B} = {052D371D-2A69-48B1-9FFF-9FF9E8A43D35}
		{039D5E17-842F-4213-916C-C36FE7EB81FF} = {C6C07213-BFCA-4B15-8366-353C250EF442}
		{1C950383-D37B-49D1-92D1-2BD11B3802AA} = {039D5E17-842F-4213-916C-C36FE7EB81FF}
		{0329B594-9356-4153-B356-B9C7ACA95CA8} = {052D371D-2A69-48B1-9FFF-9FF9E8A43D35}
		{9A6CC32A-251C-4F6A-BF24-C075BB7E32D1} = {0329B594-9356-4153-B356-B9C7ACA95CA8}
		{F00C0F31-2239-4438-9F6E-A36409212C2B} = {412A865B-E356-42FB-B1C8-B35D6EB7F773}
		{72193951-8990-4262-9854-D720429F8867} = {2FC5847C-C4EF-430F-BF56-1DFC7319E02B}
	EndGlobalSection
EndGlobal
